
Microsoft Visual Studio Solution File, Format Version 12.00
# Visual Studio Version 17
VisualStudioVersion = 17.9.34622.214
MinimumVisualStudioVersion = 10.0.40219.1
Project("{9A19103F-16F7-4668-BE54-9A1E7A4F7556}") = "WebApi", "LotusProject\WebApi.csproj", "{9CA1209D-32FD-4EE9-9FD5-F90F59345008}"
EndProject
Project("{9A19103F-16F7-4668-BE54-9A1E7A4F7556}") = "Entities", "Entities\Entities.csproj", "{486EC6C3-CE47-444B-B1BD-B9A40A7F698B}"
EndProject
Project("{9A19103F-16F7-4668-BE54-9A1E7A4F7556}") = "Repositories", "Repositories\Repositories.csproj", "{6A1656CC-F5ED-47AD-8D75-232DC9A3C3B1}"
EndProject
Project("{9A19103F-16F7-4668-BE54-9A1E7A4F7556}") = "Services", "Services\Services.csproj", "{D9590B61-B5BB-4215-8EFE-1FB2EA9A7B7A}"
EndProject
Project("{FAE04EC0-301F-11D3-BF4B-00C04F79EFBC}") = "Presentation", "Presentation\Presentation.csproj", "{347A4850-7EC9-428C-A272-54D0D58E3618}"
EndProject
Global
	GlobalSection(SolutionConfigurationPlatforms) = preSolution
		Debug|Any CPU = Debug|Any CPU
		Release|Any CPU = Release|Any CPU
	EndGlobalSection
	GlobalSection(ProjectConfigurationPlatforms) = postSolution
		{9CA1209D-32FD-4EE9-9FD5-F90F59345008}.Debug|Any CPU.ActiveCfg = Debug|Any CPU
		{9CA1209D-32FD-4EE9-9FD5-F90F59345008}.Debug|Any CPU.Build.0 = Debug|Any CPU
		{9CA1209D-32FD-4EE9-9FD5-F90F59345008}.Release|Any CPU.ActiveCfg = Release|Any CPU
		{9CA1209D-32FD-4EE9-9FD5-F90F59345008}.Release|Any CPU.Build.0 = Release|Any CPU
		{486EC6C3-CE47-444B-B1BD-B9A40A7F698B}.Debug|Any CPU.ActiveCfg = Debug|Any CPU
		{486EC6C3-CE47-444B-B1BD-B9A40A7F698B}.Debug|Any CPU.Build.0 = Debug|Any CPU
		{486EC6C3-CE47-444B-B1BD-B9A40A7F698B}.Release|Any CPU.ActiveCfg = Release|Any CPU
		{486EC6C3-CE47-444B-B1BD-B9A40A7F698B}.Release|Any CPU.Build.0 = Release|Any CPU
		{6A1656CC-F5ED-47AD-8D75-232DC9A3C3B1}.Debug|Any CPU.ActiveCfg = Debug|Any CPU
		{6A1656CC-F5ED-47AD-8D75-232DC9A3C3B1}.Debug|Any CPU.Build.0 = Debug|Any CPU
		{6A1656CC-F5ED-47AD-8D75-232DC9A3C3B1}.Release|Any CPU.ActiveCfg = Release|Any CPU
		{6A1656CC-F5ED-47AD-8D75-232DC9A3C3B1}.Release|Any CPU.Build.0 = Release|Any CPU
		{D9590B61-B5BB-4215-8EFE-1FB2EA9A7B7A}.Debug|Any CPU.ActiveCfg = Debug|Any CPU
		{D9590B61-B5BB-4215-8EFE-1FB2EA9A7B7A}.Debug|Any CPU.Build.0 = Debug|Any CPU
		{D9590B61-B5BB-4215-8EFE-1FB2EA9A7B7A}.Release|Any CPU.ActiveCfg = Release|Any CPU
		{D9590B61-B5BB-4215-8EFE-1FB2EA9A7B7A}.Release|Any CPU.Build.0 = Release|Any CPU
		{347A4850-7EC9-428C-A272-54D0D58E3618}.Debug|Any CPU.ActiveCfg = Debug|Any CPU
		{347A4850-7EC9-428C-A272-54D0D58E3618}.Debug|Any CPU.Build.0 = Debug|Any CPU
		{347A4850-7EC9-428C-A272-54D0D58E3618}.Release|Any CPU.ActiveCfg = Release|Any CPU
		{347A4850-7EC9-428C-A272-54D0D58E3618}.Release|Any CPU.Build.0 = Release|Any CPU
	EndGlobalSection
	GlobalSection(SolutionProperties) = preSolution
		HideSolutionNode = FALSE
	EndGlobalSection
	GlobalSection(ExtensibilityGlobals) = postSolution
		SolutionGuid = {3B6B8DD1-FADE-4845-B174-6EDC80BE25BA}
	EndGlobalSection
EndGlobal
